// !$*UTF8*$!
{
	archiveVersion = 1;
	classes = {
	};
	objectVersion = 77;
	objects = {

/* Begin PBXContainerItemProxy section */
		A56FB3082D18A41A00414443 /* PBXContainerItemProxy */ = {
			isa = PBXContainerItemProxy;
			containerPortal = A56FB2EF2D18A41900414443 /* Project object */;
			proxyType = 1;
			remoteGlobalIDString = A56FB2F62D18A41900414443;
			remoteInfo = Implementacao_Firebase_iOS;
		};
		A56FB3122D18A41A00414443 /* PBXContainerItemProxy */ = {
			isa = PBXContainerItemProxy;
			containerPortal = A56FB2EF2D18A41900414443 /* Project object */;
			proxyType = 1;
			remoteGlobalIDString = A56FB2F62D18A41900414443;
			remoteInfo = Implementacao_Firebase_iOS;
		};
/* End PBXContainerItemProxy section */

/* Begin PBXFileReference section */
		A56FB2F72D18A41900414443 /* Implementacao_Firebase_iOS.app */ = {isa = PBXFileReference; explicitFileType = wrapper.application; includeInIndex = 0; path = Implementacao_Firebase_iOS.app; sourceTree = BUILT_PRODUCTS_DIR; };
		A56FB3072D18A41A00414443 /* Implementacao_Firebase_iOSTests.xctest */ = {isa = PBXFileReference; explicitFileType = wrapper.cfbundle; includeInIndex = 0; path = Implementacao_Firebase_iOSTests.xctest; sourceTree = BUILT_PRODUCTS_DIR; };
		A56FB3112D18A41A00414443 /* Implementacao_Firebase_iOSUITests.xctest */ = {isa = PBXFileReference; explicitFileType = wrapper.cfbundle; includeInIndex = 0; path = Implementacao_Firebase_iOSUITests.xctest; sourceTree = BUILT_PRODUCTS_DIR; };
/* End PBXFileReference section */

/* Begin PBXFileSystemSynchronizedRootGroup section */
		A56FB2F92D18A41900414443 /* Implementacao_Firebase_iOS */ = {
			isa = PBXFileSystemSynchronizedRootGroup;
			path = Implementacao_Firebase_iOS;
			sourceTree = "<group>";
		};
		A56FB30A2D18A41A00414443 /* Implementacao_Firebase_iOSTests */ = {
			isa = PBXFileSystemSynchronizedRootGroup;
			path = Implementacao_Firebase_iOSTests;
			sourceTree = "<group>";
		};
		A56FB3142D18A41A00414443 /* Implementacao_Firebase_iOSUITests */ = {
			isa = PBXFileSystemSynchronizedRootGroup;
			path = Implementacao_Firebase_iOSUITests;
			sourceTree = "<group>";
		};
/* End PBXFileSystemSynchronizedRootGroup section */

/* Begin PBXFrameworksBuildPhase section */
		A56FB2F42D18A41900414443 /* Frameworks */ = {
			isa = PBXFrameworksBuildPhase;
			buildActionMask = 2147483647;
			files = (
			);
			runOnlyForDeploymentPostprocessing = 0;
		};
		A56FB3042D18A41A00414443 /* Frameworks */ = {
			isa = PBXFrameworksBuildPhase;
			buildActionMask = 2147483647;
			files = (
			);
			runOnlyForDeploymentPostprocessing = 0;
		};
		A56FB30E2D18A41A00414443 /* Frameworks */ = {
			isa = PBXFrameworksBuildPhase;
			buildActionMask = 2147483647;
			files = (
			);
			runOnlyForDeploymentPostprocessing = 0;
		};
/* End PBXFrameworksBuildPhase section */

/* Begin PBXGroup section */
		A56FB2EE2D18A41900414443 = {
			isa = PBXGroup;
			children = (
				A56FB2F92D18A41900414443 /* Implementacao_Firebase_iOS */,
				A56FB30A2D18A41A00414443 /* Implementacao_Firebase_iOSTests */,
				A56FB3142D18A41A00414443 /* Implementacao_Firebase_iOSUITests */,
				A56FB2F82D18A41900414443 /* Products */,
			);
			sourceTree = "<group>";
		};
		A56FB2F82D18A41900414443 /* Products */ = {
			isa = PBXGroup;
			children = (
				A56FB2F72D18A41900414443 /* Implementacao_Firebase_iOS.app */,
				A56FB3072D18A41A00414443 /* Implementacao_Firebase_iOSTests.xctest */,
				A56FB3112D18A41A00414443 /* Implementacao_Firebase_iOSUITests.xctest */,
			);
			name = Products;
			sourceTree = "<group>";
		};
/* End PBXGroup section */

/* Begin PBXNativeTarget section */
		A56FB2F62D18A41900414443 /* Implementacao_Firebase_iOS */ = {
			isa = PBXNativeTarget;
			buildConfigurationList = A56FB31B2D18A41A00414443 /* Build configuration list for PBXNativeTarget "Implementacao_Firebase_iOS" */;
			buildPhases = (
				A56FB2F32D18A41900414443 /* Sources */,
				A56FB2F42D18A41900414443 /* Frameworks */,
				A56FB2F52D18A41900414443 /* Resources */,
				A56FB3242D18AFB600414443 /* ShellScript */,
			);
			buildRules = (
			);
			dependencies = (
			);
			fileSystemSynchronizedGroups = (
				A56FB2F92D18A41900414443 /* Implementacao_Firebase_iOS */,
			);
			name = Implementacao_Firebase_iOS;
			packageProductDependencies = (
			);
			productName = Implementacao_Firebase_iOS;
			productReference = A56FB2F72D18A41900414443 /* Implementacao_Firebase_iOS.app */;
			productType = "com.apple.product-type.application";
		};
		A56FB3062D18A41A00414443 /* Implementacao_Firebase_iOSTests */ = {
			isa = PBXNativeTarget;
			buildConfigurationList = A56FB31E2D18A41A00414443 /* Build configuration list for PBXNativeTarget "Implementacao_Firebase_iOSTests" */;
			buildPhases = (
				A56FB3032D18A41A00414443 /* Sources */,
				A56FB3042D18A41A00414443 /* Frameworks */,
				A56FB3052D18A41A00414443 /* Resources */,
			);
			buildRules = (
			);
			dependencies = (
				A56FB3092D18A41A00414443 /* PBXTargetDependency */,
			);
			fileSystemSynchronizedGroups = (
				A56FB30A2D18A41A00414443 /* Implementacao_Firebase_iOSTests */,
			);
			name = Implementacao_Firebase_iOSTests;
			packageProductDependencies = (
			);
			productName = Implementacao_Firebase_iOSTests;
			productReference = A56FB3072D18A41A00414443 /* Implementacao_Firebase_iOSTests.xctest */;
			productType = "com.apple.product-type.bundle.unit-test";
		};
		A56FB3102D18A41A00414443 /* Implementacao_Firebase_iOSUITests */ = {
			isa = PBXNativeTarget;
			buildConfigurationList = A56FB3212D18A41A00414443 /* Build configuration list for PBXNativeTarget "Implementacao_Firebase_iOSUITests" */;
			buildPhases = (
				A56FB30D2D18A41A00414443 /* Sources */,
				A56FB30E2D18A41A00414443 /* Frameworks */,
				A56FB30F2D18A41A00414443 /* Resources */,
			);
			buildRules = (
			);
			dependencies = (
				A56FB3132D18A41A00414443 /* PBXTargetDependency */,
			);
			fileSystemSynchronizedGroups = (
				A56FB3142D18A41A00414443 /* Implementacao_Firebase_iOSUITests */,
			);
			name = Implementacao_Firebase_iOSUITests;
			packageProductDependencies = (
			);
			productName = Implementacao_Firebase_iOSUITests;
			productReference = A56FB3112D18A41A00414443 /* Implementacao_Firebase_iOSUITests.xctest */;
			productType = "com.apple.product-type.bundle.ui-testing";
		};
/* End PBXNativeTarget section */

/* Begin PBXProject section */
		A56FB2EF2D18A41900414443 /* Project object */ = {
			isa = PBXProject;
			attributes = {
				BuildIndependentTargetsInParallel = 1;
				LastSwiftUpdateCheck = 1620;
				LastUpgradeCheck = 1620;
				TargetAttributes = {
					A56FB2F62D18A41900414443 = {
						CreatedOnToolsVersion = 16.2;
					};
					A56FB3062D18A41A00414443 = {
						CreatedOnToolsVersion = 16.2;
						TestTargetID = A56FB2F62D18A41900414443;
					};
					A56FB3102D18A41A00414443 = {
						CreatedOnToolsVersion = 16.2;
						TestTargetID = A56FB2F62D18A41900414443;
					};
				};
			};
			buildConfigurationList = A56FB2F22D18A41900414443 /* Build configuration list for PBXProject "Implementacao_Firebase_iOS" */;
			developmentRegion = en;
			hasScannedForEncodings = 0;
			knownRegions = (
				en,
				Base,
			);
			mainGroup = A56FB2EE2D18A41900414443;
			minimizedProjectReferenceProxies = 1;
			preferredProjectObjectVersion = 77;
			productRefGroup = A56FB2F82D18A41900414443 /* Products */;
			projectDirPath = "";
			projectRoot = "";
			targets = (
				A56FB2F62D18A41900414443 /* Implementacao_Firebase_iOS */,
				A56FB3062D18A41A00414443 /* Implementacao_Firebase_iOSTests */,
				A56FB3102D18A41A00414443 /* Implementacao_Firebase_iOSUITests */,
			);
		};
/* End PBXProject section */

/* Begin PBXResourcesBuildPhase section */
		A56FB2F52D18A41900414443 /* Resources */ = {
			isa = PBXResourcesBuildPhase;
			buildActionMask = 2147483647;
			files = (
			);
			runOnlyForDeploymentPostprocessing = 0;
		};
		A56FB3052D18A41A00414443 /* Resources */ = {
			isa = PBXResourcesBuildPhase;
			buildActionMask = 2147483647;
			files = (
			);
			runOnlyForDeploymentPostprocessing = 0;
		};
		A56FB30F2D18A41A00414443 /* Resources */ = {
			isa = PBXResourcesBuildPhase;
			buildActionMask = 2147483647;
			files = (
			);
			runOnlyForDeploymentPostprocessing = 0;
		};
/* End PBXResourcesBuildPhase section */

/* Begin PBXShellScriptBuildPhase section */
		A56FB3242D18AFB600414443 /* ShellScript */ = {
			isa = PBXShellScriptBuildPhase;
			alwaysOutOfDate = 1;
			buildActionMask = 2147483647;
			files = (
			);
			inputFileListPaths = (
			);
			inputPaths = (
			);
			outputFileListPaths = (
			);
			outputPaths = (
			);
			runOnlyForDeploymentPostprocessing = 0;
			shellPath = /bin/sh;
			shellScript = "if [[ \"$(uname -m)\" == arm64 ]]\nthen\n    export PATH=\"/opt/homebrew/bin:$PATH\"\nfi\n\nif command -v swiftlint >/dev/null 2>&1\nthen\n    swiftlint\nelse\n    echo \"warning: `swiftlint` command not found - See https://github.com/realm/SwiftLint#installation for installation instructions.\"\nfi\n";
		};
/* End PBXShellScriptBuildPhase section */

/* Begin PBXSourcesBuildPhase section */
		A56FB2F32D18A41900414443 /* Sources */ = {
			isa = PBXSourcesBuildPhase;
			buildActionMask = 2147483647;
			files = (
			);
			runOnlyForDeploymentPostprocessing = 0;
		};
		A56FB3032D18A41A00414443 /* Sources */ = {
			isa = PBXSourcesBuildPhase;
			buildActionMask = 2147483647;
			files = (
			);
			runOnlyForDeploymentPostprocessing = 0;
		};
		A56FB30D2D18A41A00414443 /* Sources */ = {
			isa = PBXSourcesBuildPhase;
			buildActionMask = 2147483647;
			files = (
			);
			runOnlyForDeploymentPostprocessing = 0;
		};
/* End PBXSourcesBuildPhase section */

/* Begin PBXTargetDependency section */
		A56FB3092D18A41A00414443 /* PBXTargetDependency */ = {
			isa = PBXTargetDependency;
			target = A56FB2F62D18A41900414443 /* Implementacao_Firebase_iOS */;
			targetProxy = A56FB3082D18A41A00414443 /* PBXContainerItemProxy */;
		};
		A56FB3132D18A41A00414443 /* PBXTargetDependency */ = {
			isa = PBXTargetDependency;
			target = A56FB2F62D18A41900414443 /* Implementacao_Firebase_iOS */;
			targetProxy = A56FB3122D18A41A00414443 /* PBXContainerItemProxy */;
		};
/* End PBXTargetDependency section */

/* Begin XCBuildConfiguration section */
		A56FB3192D18A41A00414443 /* Debug */ = {
			isa = XCBuildConfiguration;
			buildSettings = {
				ALWAYS_SEARCH_USER_PATHS = NO;
				ASSETCATALOG_COMPILER_GENERATE_SWIFT_ASSET_SYMBOL_EXTENSIONS = YES;
				CLANG_ANALYZER_NONNULL = YES;
				CLANG_ANALYZER_NUMBER_OBJECT_CONVERSION = YES_AGGRESSIVE;
				CLANG_CXX_LANGUAGE_STANDARD = "gnu++20";
				CLANG_ENABLE_MODULES = YES;
				CLANG_ENABLE_OBJC_ARC = YES;
				CLANG_ENABLE_OBJC_WEAK = YES;
				CLANG_WARN_BLOCK_CAPTURE_AUTORELEASING = YES;
				CLANG_WARN_BOOL_CONVERSION = YES;
				CLANG_WARN_COMMA = YES;
				CLANG_WARN_CONSTANT_CONVERSION = YES;
				CLANG_WARN_DEPRECATED_OBJC_IMPLEMENTATIONS = YES;
				CLANG_WARN_DIRECT_OBJC_ISA_USAGE = YES_ERROR;
				CLANG_WARN_DOCUMENTATION_COMMENTS = YES;
				CLANG_WARN_EMPTY_BODY = YES;
				CLANG_WARN_ENUM_CONVERSION = YES;
				CLANG_WARN_INFINITE_RECURSION = YES;
				CLANG_WARN_INT_CONVERSION = YES;
				CLANG_WARN_NON_LITERAL_NULL_CONVERSION = YES;
				CLANG_WARN_OBJC_IMPLICIT_RETAIN_SELF = YES;
				CLANG_WARN_OBJC_LITERAL_CONVERSION = YES;
				CLANG_WARN_OBJC_ROOT_CLASS = YES_ERROR;
				CLANG_WARN_QUOTED_INCLUDE_IN_FRAMEWORK_HEADER = YES;
				CLANG_WARN_RANGE_LOOP_ANALYSIS = YES;
				CLANG_WARN_STRICT_PROTOTYPES = YES;
				CLANG_WARN_SUSPICIOUS_MOVE = YES;
				CLANG_WARN_UNGUARDED_AVAILABILITY = YES_AGGRESSIVE;
				CLANG_WARN_UNREACHABLE_CODE = YES;
				CLANG_WARN__DUPLICATE_METHOD_MATCH = YES;
				COPY_PHASE_STRIP = NO;
				DEBUG_INFORMATION_FORMAT = dwarf;
				ENABLE_STRICT_OBJC_MSGSEND = YES;
				ENABLE_TESTABILITY = YES;
				ENABLE_USER_SCRIPT_SANDBOXING = YES;
				GCC_C_LANGUAGE_STANDARD = gnu17;
				GCC_DYNAMIC_NO_PIC = NO;
				GCC_NO_COMMON_BLOCKS = YES;
				GCC_OPTIMIZATION_LEVEL = 0;
				GCC_PREPROCESSOR_DEFINITIONS = (
					"DEBUG=1",
					"$(inherited)",
				);
				GCC_WARN_64_TO_32_BIT_CONVERSION = YES;
				GCC_WARN_ABOUT_RETURN_TYPE = YES_ERROR;
				GCC_WARN_UNDECLARED_SELECTOR = YES;
				GCC_WARN_UNINITIALIZED_AUTOS = YES_AGGRESSIVE;
				GCC_WARN_UNUSED_FUNCTION = YES;
				GCC_WARN_UNUSED_VARIABLE = YES;
				IPHONEOS_DEPLOYMENT_TARGET = 18.2;
				LOCALIZATION_PREFERS_STRING_CATALOGS = YES;
				MTL_ENABLE_DEBUG_INFO = INCLUDE_SOURCE;
				MTL_FAST_MATH = YES;
				ONLY_ACTIVE_ARCH = YES;
				SDKROOT = iphoneos;
				SWIFT_ACTIVE_COMPILATION_CONDITIONS = "DEBUG $(inherited)";
				SWIFT_OPTIMIZATION_LEVEL = "-Onone";
			};
			name = Debug;
		};
		A56FB31A2D18A41A00414443 /* Release */ = {
			isa = XCBuildConfiguration;
			buildSettings = {
				ALWAYS_SEARCH_USER_PATHS = NO;
				ASSETCATALOG_COMPILER_GENERATE_SWIFT_ASSET_SYMBOL_EXTENSIONS = YES;
				CLANG_ANALYZER_NONNULL = YES;
				CLANG_ANALYZER_NUMBER_OBJECT_CONVERSION = YES_AGGRESSIVE;
				CLANG_CXX_LANGUAGE_STANDARD = "gnu++20";
				CLANG_ENABLE_MODULES = YES;
				CLANG_ENABLE_OBJC_ARC = YES;
				CLANG_ENABLE_OBJC_WEAK = YES;
				CLANG_WARN_BLOCK_CAPTURE_AUTORELEASING = YES;
				CLANG_WARN_BOOL_CONVERSION = YES;
				CLANG_WARN_COMMA = YES;
				CLANG_WARN_CONSTANT_CONVERSION = YES;
				CLANG_WARN_DEPRECATED_OBJC_IMPLEMENTATIONS = YES;
				CLANG_WARN_DIRECT_OBJC_ISA_USAGE = YES_ERROR;
				CLANG_WARN_DOCUMENTATION_COMMENTS = YES;
				CLANG_WARN_EMPTY_BODY = YES;
				CLANG_WARN_ENUM_CONVERSION = YES;
				CLANG_WARN_INFINITE_RECURSION = YES;
				CLANG_WARN_INT_CONVERSION = YES;
				CLANG_WARN_NON_LITERAL_NULL_CONVERSION = YES;
				CLANG_WARN_OBJC_IMPLICIT_RETAIN_SELF = YES;
				CLANG_WARN_OBJC_LITERAL_CONVERSION = YES;
				CLANG_WARN_OBJC_ROOT_CLASS = YES_ERROR;
				CLANG_WARN_QUOTED_INCLUDE_IN_FRAMEWORK_HEADER = YES;
				CLANG_WARN_RANGE_LOOP_ANALYSIS = YES;
				CLANG_WARN_STRICT_PROTOTYPES = YES;
				CLANG_WARN_SUSPICIOUS_MOVE = YES;
				CLANG_WARN_UNGUARDED_AVAILABILITY = YES_AGGRESSIVE;
				CLANG_WARN_UNREACHABLE_CODE = YES;
				CLANG_WARN__DUPLICATE_METHOD_MATCH = YES;
				COPY_PHASE_STRIP = NO;
				DEBUG_INFORMATION_FORMAT = "dwarf-with-dsym";
				ENABLE_NS_ASSERTIONS = NO;
				ENABLE_STRICT_OBJC_MSGSEND = YES;
				ENABLE_USER_SCRIPT_SANDBOXING = YES;
				GCC_C_LANGUAGE_STANDARD = gnu17;
				GCC_NO_COMMON_BLOCKS = YES;
				GCC_WARN_64_TO_32_BIT_CONVERSION = YES;
				GCC_WARN_ABOUT_RETURN_TYPE = YES_ERROR;
				GCC_WARN_UNDECLARED_SELECTOR = YES;
				GCC_WARN_UNINITIALIZED_AUTOS = YES_AGGRESSIVE;
				GCC_WARN_UNUSED_FUNCTION = YES;
				GCC_WARN_UNUSED_VARIABLE = YES;
				IPHONEOS_DEPLOYMENT_TARGET = 18.2;
				LOCALIZATION_PREFERS_STRING_CATALOGS = YES;
				MTL_ENABLE_DEBUG_INFO = NO;
				MTL_FAST_MATH = YES;
				SDKROOT = iphoneos;
				SWIFT_COMPILATION_MODE = wholemodule;
				VALIDATE_PRODUCT = YES;
			};
			name = Release;
		};
		A56FB31C2D18A41A00414443 /* Debug */ = {
			isa = XCBuildConfiguration;
			buildSettings = {
				ASSETCATALOG_COMPILER_APPICON_NAME = AppIcon;
				ASSETCATALOG_COMPILER_GLOBAL_ACCENT_COLOR_NAME = AccentColor;
				CODE_SIGN_STYLE = Automatic;
				CURRENT_PROJECT_VERSION = 1;
				DEVELOPMENT_ASSET_PATHS = "\"Implementacao_Firebase_iOS/Preview Content\"";
				ENABLE_PREVIEWS = YES;
				ENABLE_USER_SCRIPT_SANDBOXING = NO;
				GENERATE_INFOPLIST_FILE = YES;
				INFOPLIST_KEY_UIApplicationSceneManifest_Generation = YES;
				INFOPLIST_KEY_UIApplicationSupportsIndirectInputEvents = YES;
				INFOPLIST_KEY_UILaunchScreen_Generation = YES;
				INFOPLIST_KEY_UISupportedInterfaceOrientations_iPad = "UIInterfaceOrientationPortrait UIInterfaceOrientationPortraitUpsideDown UIInterfaceOrientationLandscapeLeft UIInterfaceOrientationLandscapeRight";
				INFOPLIST_KEY_UISupportedInterfaceOrientations_iPhone = "UIInterfaceOrientationPortrait UIInterfaceOrientationLandscapeLeft UIInterfaceOrientationLandscapeRight";
				LD_RUNPATH_SEARCH_PATHS = (
					"$(inherited)",
					"@executable_path/Frameworks",
				);
				MARKETING_VERSION = 1.0;
				PRODUCT_BUNDLE_IDENTIFIER = "leonardo.Implementacao-Firebase-iOS";
				PRODUCT_NAME = "$(TARGET_NAME)";
				SWIFT_EMIT_LOC_STRINGS = YES;
				SWIFT_VERSION = 5.0;
				TARGETED_DEVICE_FAMILY = "1,2";
			};
			name = Debug;
		};
		A56FB31D2D18A41A00414443 /* Release */ = {
			isa = XCBuildConfiguration;
			buildSettings = {
				ASSETCATALOG_COMPILER_APPICON_NAME = AppIcon;
				ASSETCATALOG_COMPILER_GLOBAL_ACCENT_COLOR_NAME = AccentColor;
				CODE_SIGN_STYLE = Automatic;
				CURRENT_PROJECT_VERSION = 1;
				DEVELOPMENT_ASSET_PATHS = "\"Implementacao_Firebase_iOS/Preview Content\"";
				ENABLE_PREVIEWS = YES;
				ENABLE_USER_SCRIPT_SANDBOXING = NO;
				GENERATE_INFOPLIST_FILE = YES;
				INFOPLIST_KEY_UIApplicationSceneManifest_Generation = YES;
				INFOPLIST_KEY_UIApplicationSupportsIndirectInputEvents = YES;
				INFOPLIST_KEY_UILaunchScreen_Generation = YES;
				INFOPLIST_KEY_UISupportedInterfaceOrientations_iPad = "UIInterfaceOrientationPortrait UIInterfaceOrientationPortraitUpsideDown UIInterfaceOrientationLandscapeLeft UIInterfaceOrientationLandscapeRight";
				INFOPLIST_KEY_UISupportedInterfaceOrientations_iPhone = "UIInterfaceOrientationPortrait UIInterfaceOrientationLandscapeLeft UIInterfaceOrientationLandscapeRight";
				LD_RUNPATH_SEARCH_PATHS = (
					"$(inherited)",
					"@executable_path/Frameworks",
				);
				MARKETING_VERSION = 1.0;
				PRODUCT_BUNDLE_IDENTIFIER = "leonardo.Implementacao-Firebase-iOS";
				PRODUCT_NAME = "$(TARGET_NAME)";
				SWIFT_EMIT_LOC_STRINGS = YES;
				SWIFT_VERSION = 5.0;
				TARGETED_DEVICE_FAMILY = "1,2";
			};
			name = Release;
		};
		A56FB31F2D18A41A00414443 /* Debug */ = {
			isa = XCBuildConfiguration;
			buildSettings = {
				BUNDLE_LOADER = "$(TEST_HOST)";
				CODE_SIGN_STYLE = Automatic;
				CURRENT_PROJECT_VERSION = 1;
				GENERATE_INFOPLIST_FILE = YES;
				IPHONEOS_DEPLOYMENT_TARGET = 18.2;
				MARKETING_VERSION = 1.0;
				PRODUCT_BUNDLE_IDENTIFIER = "leonardo.Implementacao-Firebase-iOSTests";
				PRODUCT_NAME = "$(TARGET_NAME)";
				SWIFT_EMIT_LOC_STRINGS = NO;
				SWIFT_VERSION = 5.0;
				TARGETED_DEVICE_FAMILY = "1,2";
				TEST_HOST = "$(BUILT_PRODUCTS_DIR)/Implementacao_Firebase_iOS.app/$(BUNDLE_EXECUTABLE_FOLDER_PATH)/Implementacao_Firebase_iOS";
			};
			name = Debug;
		};
		A56FB3202D18A41A00414443 /* Release */ = {
			isa = XCBuildConfiguration;
			buildSettings = {
				BUNDLE_LOADER = "$(TEST_HOST)";
				CODE_SIGN_STYLE = Automatic;
				CURRENT_PROJECT_VERSION = 1;
				GENERATE_INFOPLIST_FILE = YES;
				IPHONEOS_DEPLOYMENT_TARGET = 18.2;
				MARKETING_VERSION = 1.0;
				PRODUCT_BUNDLE_IDENTIFIER = "leonardo.Implementacao-Firebase-iOSTests";
				PRODUCT_NAME = "$(TARGET_NAME)";
				SWIFT_EMIT_LOC_STRINGS = NO;
				SWIFT_VERSION = 5.0;
				TARGETED_DEVICE_FAMILY = "1,2";
				TEST_HOST = "$(BUILT_PRODUCTS_DIR)/Implementacao_Firebase_iOS.app/$(BUNDLE_EXECUTABLE_FOLDER_PATH)/Implementacao_Firebase_iOS";
			};
			name = Release;
		};
		A56FB3222D18A41A00414443 /* Debug */ = {
			isa = XCBuildConfiguration;
			buildSettings = {
				CODE_SIGN_STYLE = Automatic;
				CURRENT_PROJECT_VERSION = 1;
				GENERATE_INFOPLIST_FILE = YES;
				MARKETING_VERSION = 1.0;
				PRODUCT_BUNDLE_IDENTIFIER = "leonardo.Implementacao-Firebase-iOSUITests";
				PRODUCT_NAME = "$(TARGET_NAME)";
				SWIFT_EMIT_LOC_STRINGS = NO;
				SWIFT_VERSION = 5.0;
				TARGETED_DEVICE_FAMILY = "1,2";
				TEST_TARGET_NAME = Implementacao_Firebase_iOS;
			};
			name = Debug;
		};
		A56FB3232D18A41A00414443 /* Release */ = {
			isa = XCBuildConfiguration;
			buildSettings = {
				CODE_SIGN_STYLE = Automatic;
				CURRENT_PROJECT_VERSION = 1;
				GENERATE_INFOPLIST_FILE = YES;
				MARKETING_VERSION = 1.0;
				PRODUCT_BUNDLE_IDENTIFIER = "leonardo.Implementacao-Firebase-iOSUITests";
				PRODUCT_NAME = "$(TARGET_NAME)";
				SWIFT_EMIT_LOC_STRINGS = NO;
				SWIFT_VERSION = 5.0;
				TARGETED_DEVICE_FAMILY = "1,2";
				TEST_TARGET_NAME = Implementacao_Firebase_iOS;
			};
			name = Release;
		};
/* End XCBuildConfiguration section */

/* Begin XCConfigurationList section */
		A56FB2F22D18A41900414443 /* Build configuration list for PBXProject "Implementacao_Firebase_iOS" */ = {
			isa = XCConfigurationList;
			buildConfigurations = (
				A56FB3192D18A41A00414443 /* Debug */,
				A56FB31A2D18A41A00414443 /* Release */,
			);
			defaultConfigurationIsVisible = 0;
			defaultConfigurationName = Release;
		};
		A56FB31B2D18A41A00414443 /* Build configuration list for PBXNativeTarget "Implementacao_Firebase_iOS" */ = {
			isa = XCConfigurationList;
			buildConfigurations = (
				A56FB31C2D18A41A00414443 /* Debug */,
				A56FB31D2D18A41A00414443 /* Release */,
			);
			defaultConfigurationIsVisible = 0;
			defaultConfigurationName = Release;
		};
		A56FB31E2D18A41A00414443 /* Build configuration list for PBXNativeTarget "Implementacao_Firebase_iOSTests" */ = {
			isa = XCConfigurationList;
			buildConfigurations = (
				A56FB31F2D18A41A00414443 /* Debug */,
				A56FB3202D18A41A00414443 /* Release */,
			);
			defaultConfigurationIsVisible = 0;
			defaultConfigurationName = Release;
		};
		A56FB3212D18A41A00414443 /* Build configuration list for PBXNativeTarget "Implementacao_Firebase_iOSUITests" */ = {
			isa = XCConfigurationList;
			buildConfigurations = (
				A56FB3222D18A41A00414443 /* Debug */,
				A56FB3232D18A41A00414443 /* Release */,
			);
			defaultConfigurationIsVisible = 0;
			defaultConfigurationName = Release;
		};
/* End XCConfigurationList section */
	};
	rootObject = A56FB2EF2D18A41900414443 /* Project object */;
}
